# This file is automatically @generated by Cargo.
# It is not intended for manual editing.
version = 3

[[package]]
name = "cv-tree"
version = "0.1.0"
dependencies = [
 "superluminal-perf",
]

[[package]]
name = "superluminal-perf"
version = "0.1.1"
source = "registry+https://github.com/rust-lang/crates.io-index"
checksum = "80ed8ddf5d2a4a849fa7dc75b3e0be740adb882fe7fee87e79584402ac9b1e60"
dependencies = [
 "superluminal-perf-sys",
]

[[package]]
name = "superluminal-perf-sys"
version = "0.1.2"
source = "registry+https://github.com/rust-lang/crates.io-index"
checksum = "0342a02bcc62538822a46f54294130677f026666c2e19d078fc213b7bc07ff16"
